{"filter":false,"title":"Gemfile.lock","tooltip":"/Gemfile.lock","undoManager":{"mark":1,"position":1,"stack":[[{"start":{"row":150,"column":0},"end":{"row":150,"column":19},"action":"remove","lines":["    sqlite3 (1.4.1)"],"id":2}],[{"start":{"row":186,"column":0},"end":{"row":186,"column":9},"action":"remove","lines":["  sqlite3"],"id":3}]]},"ace":{"folds":[],"scrolltop":2499,"scrollleft":0,"selection":{"start":{"row":189,"column":21},"end":{"row":189,"column":21},"isBackwards":false},"options":{"guessTabSize":true,"useWrapMode":false,"wrapToView":true},"firstLineState":{"row":20,"state":"start","mode":"ace/mode/text"}},"timestamp":1570474272005,"hash":"9fe91bab33d7b3b9807b20a8db65da5b3367816e"}